# THIS IS AN AUTOGENERATED FILE. DO NOT EDIT THIS FILE DIRECTLY.
# yarn lockfile v1


abs-svg-path@^0.1.1:
  version "0.1.1"
  resolved "https://registry.yarnpkg.com/abs-svg-path/-/abs-svg-path-0.1.1.tgz#df601c8e8d2ba10d4a76d625e236a9a39c2723bf"
  integrity sha1-32Acjo0roQ1KdtYl4japo5wnI78=

adaptive-bezier-curve@^1.0.3:
  version "1.0.3"
  resolved "https://registry.yarnpkg.com/adaptive-bezier-curve/-/adaptive-bezier-curve-1.0.3.tgz#477577abe87d7280d46ca41649f6c22646fe8227"
  integrity sha1-R3V3q+h9coDUbKQWSfbCJkb+gic=

almost-equal@0.0.0:
  version "0.0.0"
  resolved "https://registry.yarnpkg.com/almost-equal/-/almost-equal-0.0.0.tgz#e7a5a6b3457b67c83ee0044f9a8d07637355f02d"
  integrity sha1-56Wms0V7Z8g+4ARPmo0HY3NV8C0=

almost-equal@^1.1.0:
  version "1.1.0"
  resolved "https://registry.yarnpkg.com/almost-equal/-/almost-equal-1.1.0.tgz#f851c631138757994276aa2efbe8dfa3066cccdd"
  integrity sha1-+FHGMROHV5lCdqou++jfowZszN0=

an-array@^1.0.0:
  version "1.0.0"
  resolved "https://registry.yarnpkg.com/an-array/-/an-array-1.0.0.tgz#c125a5bb8257778e35f4b4f6aa9c7d0fa9e42665"
  integrity sha1-wSWlu4JXd4419LT2qpx9D6nkJmU=

array-almost-equal@^1.0.0:
  version "1.0.0"
  resolved "https://registry.yarnpkg.com/array-almost-equal/-/array-almost-equal-1.0.0.tgz#43c54ff435042e9cbfa4212ac49ada5fc7359fc5"
  integrity sha1-Q8VP9DUELpy/pCEqxJraX8c1n8U=
  dependencies:
    almost-equal "0.0.0"
    an-array "^1.0.0"

canvas-sketch-util@^1.10.0:
  version "1.10.0"
  resolved "https://registry.yarnpkg.com/canvas-sketch-util/-/canvas-sketch-util-1.10.0.tgz#93d11aa378f8991ed0837d1bf8ea738132f41f1e"
  integrity sha512-IiJWEQDBinl6KZVLYcdp79ZJXXKsS1HuDUoWtwWh0NJMVUA6jaM0pxcBRYiaujBXjQFPT91pl8L9iFFmma3+zA==
  dependencies:
    abs-svg-path "^0.1.1"
    almost-equal "^1.1.0"
    array-almost-equal "^1.0.0"
    clone "^2.1.2"
    color-luminance "^2.1.0"
    convert-length "^1.0.1"
    d3-path "^1.0.8"
    defined "^1.0.0"
    float-hsl2rgb "^1.0.2"
    float-rgb2hsl "^1.0.1"
    lineclip "^1.1.5"
    normalize-svg-path "^1.0.1"
    parse-color "^1.0.0"
    parse-svg-path "^0.1.2"
    primitive-quad "^2.0.0"
    regl "^1.3.7"
    seed-random "^2.2.0"
    simplex-noise "^2.4.0"
    svg-path-contours "^2.0.0"

clone@^2.1.2:
  version "2.1.2"
  resolved "https://registry.yarnpkg.com/clone/-/clone-2.1.2.tgz#1b7f4b9f591f1e8f83670401600345a02887435f"
  integrity sha1-G39Ln1kfHo+DZwQBYANFoCiHQ18=

color-convert@~0.5.0:
  version "0.5.3"
  resolved "https://registry.yarnpkg.com/color-convert/-/color-convert-0.5.3.tgz#bdb6c69ce660fadffe0b0007cc447e1b9f7282bd"
  integrity sha1-vbbGnOZg+t/+CwAHzER+G59ygr0=

color-luminance@^2.1.0:
  version "2.1.0"
  resolved "https://registry.yarnpkg.com/color-luminance/-/color-luminance-2.1.0.tgz#58ff2ebd32b52d07f5378eefe5a0e79d6b318ad7"
  integrity sha1-WP8uvTK1LQf1N47v5aDnnWsxitc=

convert-length@^1.0.1:
  version "1.0.1"
  resolved "https://registry.yarnpkg.com/convert-length/-/convert-length-1.0.1.tgz#b66c7dc1f7d181916667c977f57be2f1eb17c1b7"
  integrity sha512-w94Vge3sck6J1NHuA0du367/JTbj1zfjTapX7ixR2W+KlU4zb+NRTbou3x9nTpm5vlcXmjoaUJQpVN9pULCdxQ==
  dependencies:
    defined "^1.0.0"

d3-path@^1.0.8:
  version "1.0.9"
  resolved "https://registry.yarnpkg.com/d3-path/-/d3-path-1.0.9.tgz#48c050bb1fe8c262493a8caf5524e3e9591701cf"
  integrity sha512-VLaYcn81dtHVTjEHd8B+pbe9yHWpXKZUC87PzoFmsFrJqgFwDe/qxfp5MlfsfM1V5E/iVt0MmEbWQ7FVIXh/bg==

defined@^1.0.0:
  version "1.0.0"
  resolved "https://registry.yarnpkg.com/defined/-/defined-1.0.0.tgz#c98d9bcef75674188e110969151199e39b1fa693"
  integrity sha1-yY2bzvdWdBiOEQlpFRGZ45sfppM=

float-hsl2rgb@^1.0.2:
  version "1.0.2"
  resolved "https://registry.yarnpkg.com/float-hsl2rgb/-/float-hsl2rgb-1.0.2.tgz#ecf3509c40ac6567c96a204622b0c4c4bf43c8a1"
  integrity sha1-7PNQnECsZWfJaiBGIrDExL9DyKE=

float-rgb2hsl@^1.0.1:
  version "1.0.1"
  resolved "https://registry.yarnpkg.com/float-rgb2hsl/-/float-rgb2hsl-1.0.1.tgz#8efeaa0fc726e53363a79bf3f636082055c10c0e"
  integrity sha1-jv6qD8cm5TNjp5vz9jYIIFXBDA4=

lineclip@^1.1.5:
  version "1.1.5"
  resolved "https://registry.yarnpkg.com/lineclip/-/lineclip-1.1.5.tgz#2bf26067d94354feabf91e42768236db5616fd13"
  integrity sha1-K/JgZ9lDVP6r+R5CdoI221YW/RM=

normalize-svg-path@^0.1.0:
  version "0.1.0"
  resolved "https://registry.yarnpkg.com/normalize-svg-path/-/normalize-svg-path-0.1.0.tgz#456360e60ece75fbef7b5d7e160480e7ffd16fe5"
  integrity sha1-RWNg5g7Odfvve11+FgSA5//Rb+U=

normalize-svg-path@^1.0.1:
  version "1.1.0"
  resolved "https://registry.yarnpkg.com/normalize-svg-path/-/normalize-svg-path-1.1.0.tgz#0e614eca23c39f0cffe821d6be6cd17e569a766c"
  integrity sha512-r9KHKG2UUeB5LoTouwDzBy2VxXlHsiM6fyLQvnJa0S5hrhzqElH/CH7TUGhT1fVvIYBIKf3OpY4YJ4CK+iaqHg==
  dependencies:
    svg-arc-to-cubic-bezier "^3.0.0"

parse-color@^1.0.0:
  version "1.0.0"
  resolved "https://registry.yarnpkg.com/parse-color/-/parse-color-1.0.0.tgz#7b748b95a83f03f16a94f535e52d7f3d94658619"
  integrity sha1-e3SLlag/A/FqlPU15S1/PZRlhhk=
  dependencies:
    color-convert "~0.5.0"

parse-svg-path@^0.1.2:
  version "0.1.2"
  resolved "https://registry.yarnpkg.com/parse-svg-path/-/parse-svg-path-0.1.2.tgz#7a7ec0d1eb06fa5325c7d3e009b859a09b5d49eb"
  integrity sha1-en7A0esG+lMlx9PgCbhZoJtdSes=

primitive-quad@^2.0.0:
  version "2.0.0"
  resolved "https://registry.yarnpkg.com/primitive-quad/-/primitive-quad-2.0.0.tgz#c20993e4f9600238926bb500e529053043ef8aeb"
  integrity sha1-wgmT5PlgAjiSa7UA5SkFMEPvius=

regl@^1.3.7:
  version "1.7.0"
  resolved "https://registry.yarnpkg.com/regl/-/regl-1.7.0.tgz#0d185431044a356bf80e9b775b11b935ef2746d3"
  integrity sha512-bEAtp/qrtKucxXSJkD4ebopFZYP0q1+3Vb2WECWv/T8yQEgKxDxJ7ztO285tAMaYZVR6mM1GgI6CCn8FROtL1w==

seed-random@^2.2.0:
  version "2.2.0"
  resolved "https://registry.yarnpkg.com/seed-random/-/seed-random-2.2.0.tgz#2a9b19e250a817099231a5b99a4daf80b7fbed54"
  integrity sha1-KpsZ4lCoFwmSMaW5mk2vgLf77VQ=

simplex-noise@^2.4.0:
  version "2.4.0"
  resolved "https://registry.yarnpkg.com/simplex-noise/-/simplex-noise-2.4.0.tgz#81b3458fb22dccc3bc8dd9a977c73797f86f523a"
  integrity sha512-OjyDWm/QZjVbMrPxDVi9b2as+SeNn9EBXlrWVRlFW+TSyWMSXouDryXkQN0vf5YP+QZKobrmkvx1eQYPLtuqfw==

svg-arc-to-cubic-bezier@^3.0.0:
  version "3.2.0"
  resolved "https://registry.yarnpkg.com/svg-arc-to-cubic-bezier/-/svg-arc-to-cubic-bezier-3.2.0.tgz#390c450035ae1c4a0104d90650304c3bc814abe6"
  integrity sha512-djbJ/vZKZO+gPoSDThGNpKDO+o+bAeA4XQKovvkNCqnIS2t+S4qnLAGQhyyrulhCFRl1WWzAp0wUDV8PpTVU3g==

svg-path-contours@^2.0.0:
  version "2.0.0"
  resolved "https://registry.yarnpkg.com/svg-path-contours/-/svg-path-contours-2.0.0.tgz#c76a129429db05eb6d7b61e4d1c58d114a8938a2"
  integrity sha1-x2oSlCnbBette2Hk0cWNEUqJOKI=
  dependencies:
    abs-svg-path "^0.1.1"
    adaptive-bezier-curve "^1.0.3"
    normalize-svg-path "^0.1.0"
    vec2-copy "^1.0.0"

vec2-copy@^1.0.0:
  version "1.0.0"
  resolved "https://registry.yarnpkg.com/vec2-copy/-/vec2-copy-1.0.0.tgz#c6eec1d8dad54625194e5f71f8433b62d2f20a7a"
  integrity sha1-xu7B2NrVRiUZTl9x+EM7YtLyCno=
